// !$*UTF8*$!
{
	archiveVersion = 1;
	classes = {
	};
	objectVersion = 50;
	objects = {

/* Begin PBXBuildFile section */
		60287C0A2677A185003C345C /* AppDelegate.swift in Sources */ = {isa = PBXBuildFile; fileRef = 60287C092677A185003C345C /* AppDelegate.swift */; };
		60287C0C2677A185003C345C /* SceneDelegate.swift in Sources */ = {isa = PBXBuildFile; fileRef = 60287C0B2677A185003C345C /* SceneDelegate.swift */; };
		60287C0E2677A185003C345C /* CommentsViewController.swift in Sources */ = {isa = PBXBuildFile; fileRef = 60287C0D2677A185003C345C /* CommentsViewController.swift */; };
		60287C112677A185003C345C /* Main.storyboard in Resources */ = {isa = PBXBuildFile; fileRef = 60287C0F2677A185003C345C /* Main.storyboard */; };
		60287C132677A18B003C345C /* Assets.xcassets in Resources */ = {isa = PBXBuildFile; fileRef = 60287C122677A18B003C345C /* Assets.xcassets */; };
		60287C162677A18B003C345C /* LaunchScreen.storyboard in Resources */ = {isa = PBXBuildFile; fileRef = 60287C142677A18B003C345C /* LaunchScreen.storyboard */; };
		60287C272677A52A003C345C /* CommentCell.swift in Sources */ = {isa = PBXBuildFile; fileRef = 60287C262677A52A003C345C /* CommentCell.swift */; };
		60287C292677A61A003C345C /* Comment.swift in Sources */ = {isa = PBXBuildFile; fileRef = 60287C282677A61A003C345C /* Comment.swift */; };
		60287C2C2677A7CA003C345C /* NetworkService.swift in Sources */ = {isa = PBXBuildFile; fileRef = 60287C2B2677A7CA003C345C /* NetworkService.swift */; };
		60287C2E2677A92C003C345C /* CommentNetworkSrvice.swift in Sources */ = {isa = PBXBuildFile; fileRef = 60287C2D2677A92C003C345C /* CommentNetworkSrvice.swift */; };
		60287C312677AA00003C345C /* GetCommentResponse.swift in Sources */ = {isa = PBXBuildFile; fileRef = 60287C302677AA00003C345C /* GetCommentResponse.swift */; };
		60287C342677AAFB003C345C /* NetworkError.swift in Sources */ = {isa = PBXBuildFile; fileRef = 60287C332677AAFB003C345C /* NetworkError.swift */; };
/* End PBXBuildFile section */

/* Begin PBXFileReference section */
		60287C062677A185003C345C /* MVC-N.app */ = {isa = PBXFileReference; explicitFileType = wrapper.application; includeInIndex = 0; path = "MVC-N.app"; sourceTree = BUILT_PRODUCTS_DIR; };
		60287C092677A185003C345C /* AppDelegate.swift */ = {isa = PBXFileReference; lastKnownFileType = sourcecode.swift; path = AppDelegate.swift; sourceTree = "<group>"; };
		60287C0B2677A185003C345C /* SceneDelegate.swift */ = {isa = PBXFileReference; lastKnownFileType = sourcecode.swift; path = SceneDelegate.swift; sourceTree = "<group>"; };
		60287C0D2677A185003C345C /* CommentsViewController.swift */ = {isa = PBXFileReference; lastKnownFileType = sourcecode.swift; path = CommentsViewController.swift; sourceTree = "<group>"; };
		60287C102677A185003C345C /* Base */ = {isa = PBXFileReference; lastKnownFileType = file.storyboard; name = Base; path = Base.lproj/Main.storyboard; sourceTree = "<group>"; };
		60287C122677A18B003C345C /* Assets.xcassets */ = {isa = PBXFileReference; lastKnownFileType = folder.assetcatalog; path = Assets.xcassets; sourceTree = "<group>"; };
		60287C152677A18B003C345C /* Base */ = {isa = PBXFileReference; lastKnownFileType = file.storyboard; name = Base; path = Base.lproj/LaunchScreen.storyboard; sourceTree = "<group>"; };
		60287C172677A18B003C345C /* Info.plist */ = {isa = PBXFileReference; lastKnownFileType = text.plist.xml; path = Info.plist; sourceTree = "<group>"; };
		60287C262677A52A003C345C /* CommentCell.swift */ = {isa = PBXFileReference; lastKnownFileType = sourcecode.swift; path = CommentCell.swift; sourceTree = "<group>"; };
		60287C282677A61A003C345C /* Comment.swift */ = {isa = PBXFileReference; lastKnownFileType = sourcecode.swift; path = Comment.swift; sourceTree = "<group>"; };
		60287C2B2677A7CA003C345C /* NetworkService.swift */ = {isa = PBXFileReference; lastKnownFileType = sourcecode.swift; path = NetworkService.swift; sourceTree = "<group>"; };
		60287C2D2677A92C003C345C /* CommentNetworkSrvice.swift */ = {isa = PBXFileReference; lastKnownFileType = sourcecode.swift; path = CommentNetworkSrvice.swift; sourceTree = "<group>"; };
		60287C302677AA00003C345C /* GetCommentResponse.swift */ = {isa = PBXFileReference; lastKnownFileType = sourcecode.swift; path = GetCommentResponse.swift; sourceTree = "<group>"; };
		60287C332677AAFB003C345C /* NetworkError.swift */ = {isa = PBXFileReference; lastKnownFileType = sourcecode.swift; path = NetworkError.swift; sourceTree = "<group>"; };
/* End PBXFileReference section */

/* Begin PBXFrameworksBuildPhase section */
		60287C032677A185003C345C /* Frameworks */ = {
			isa = PBXFrameworksBuildPhase;
			buildActionMask = 2147483647;
			files = (
			);
			runOnlyForDeploymentPostprocessing = 0;
		};
/* End PBXFrameworksBuildPhase section */

/* Begin PBXGroup section */
		60287BFD2677A185003C345C = {
			isa = PBXGroup;
			children = (
				60287C082677A185003C345C /* MVC-N */,
				60287C072677A185003C345C /* Products */,
			);
			sourceTree = "<group>";
		};
		60287C072677A185003C345C /* Products */ = {
			isa = PBXGroup;
			children = (
				60287C062677A185003C345C /* MVC-N.app */,
			);
			name = Products;
			sourceTree = "<group>";
		};
		60287C082677A185003C345C /* MVC-N */ = {
			isa = PBXGroup;
			children = (
				60287C252677A241003C345C /* Supporting files */,
				60287C202677A1C2003C345C /* Application */,
				60287C212677A200003C345C /* Comments */,
			);
			path = "MVC-N";
			sourceTree = "<group>";
		};
		60287C1D2677A195003C345C /* Model */ = {
			isa = PBXGroup;
			children = (
				60287C332677AAFB003C345C /* NetworkError.swift */,
			);
			path = Model;
			sourceTree = "<group>";
		};
		60287C1E2677A1A4003C345C /* View */ = {
			isa = PBXGroup;
			children = (
				60287C142677A18B003C345C /* LaunchScreen.storyboard */,
			);
			path = View;
			sourceTree = "<group>";
		};
		60287C1F2677A1A9003C345C /* Controller */ = {
			isa = PBXGroup;
			children = (
				60287C0B2677A185003C345C /* SceneDelegate.swift */,
				60287C092677A185003C345C /* AppDelegate.swift */,
			);
			path = Controller;
			sourceTree = "<group>";
		};
		60287C202677A1C2003C345C /* Application */ = {
			isa = PBXGroup;
			children = (
				60287C1D2677A195003C345C /* Model */,
				60287C1E2677A1A4003C345C /* View */,
				60287C1F2677A1A9003C345C /* Controller */,
				60287C2A2677A7B7003C345C /* Network Service */,
			);
			path = Application;
			sourceTree = "<group>";
		};
		60287C212677A200003C345C /* Comments */ = {
			isa = PBXGroup;
			children = (
				60287C2F2677A931003C345C /* CommmentNetworkService */,
				60287C242677A217003C345C /* Model */,
				60287C232677A210003C345C /* View */,
				60287C222677A209003C345C /* Controller */,
			);
			path = Comments;
			sourceTree = "<group>";
		};
		60287C222677A209003C345C /* Controller */ = {
			isa = PBXGroup;
			children = (
				60287C0D2677A185003C345C /* CommentsViewController.swift */,
			);
			path = Controller;
			sourceTree = "<group>";
		};
		60287C232677A210003C345C /* View */ = {
			isa = PBXGroup;
			children = (
				60287C0F2677A185003C345C /* Main.storyboard */,
				60287C262677A52A003C345C /* CommentCell.swift */,
			);
			path = View;
			sourceTree = "<group>";
		};
		60287C242677A217003C345C /* Model */ = {
			isa = PBXGroup;
			children = (
				60287C322677AA6F003C345C /* Responses */,
				60287C282677A61A003C345C /* Comment.swift */,
			);
			path = Model;
			sourceTree = "<group>";
		};
		60287C252677A241003C345C /* Supporting files */ = {
			isa = PBXGroup;
			children = (
				60287C122677A18B003C345C /* Assets.xcassets */,
				60287C172677A18B003C345C /* Info.plist */,
			);
			path = "Supporting files";
			sourceTree = "<group>";
		};
		60287C2A2677A7B7003C345C /* Network Service */ = {
			isa = PBXGroup;
			children = (
				60287C2B2677A7CA003C345C /* NetworkService.swift */,
			);
			path = "Network Service";
			sourceTree = "<group>";
		};
		60287C2F2677A931003C345C /* CommmentNetworkService */ = {
			isa = PBXGroup;
			children = (
				60287C2D2677A92C003C345C /* CommentNetworkSrvice.swift */,
			);
			path = CommmentNetworkService;
			sourceTree = "<group>";
		};
		60287C322677AA6F003C345C /* Responses */ = {
			isa = PBXGroup;
			children = (
				60287C302677AA00003C345C /* GetCommentResponse.swift */,
			);
			path = Responses;
			sourceTree = "<group>";
		};
/* End PBXGroup section */

/* Begin PBXNativeTarget section */
		60287C052677A185003C345C /* MVC-N */ = {
			isa = PBXNativeTarget;
			buildConfigurationList = 60287C1A2677A18B003C345C /* Build configuration list for PBXNativeTarget "MVC-N" */;
			buildPhases = (
				60287C022677A185003C345C /* Sources */,
				60287C032677A185003C345C /* Frameworks */,
				60287C042677A185003C345C /* Resources */,
			);
			buildRules = (
			);
			dependencies = (
			);
			name = "MVC-N";
			productName = "MVC-N";
			productReference = 60287C062677A185003C345C /* MVC-N.app */;
			productType = "com.apple.product-type.application";
		};
/* End PBXNativeTarget section */

/* Begin PBXProject section */
		60287BFE2677A185003C345C /* Project object */ = {
			isa = PBXProject;
			attributes = {
				LastSwiftUpdateCheck = 1250;
				LastUpgradeCheck = 1250;
				TargetAttributes = {
					60287C052677A185003C345C = {
						CreatedOnToolsVersion = 12.5;
					};
				};
			};
			buildConfigurationList = 60287C012677A185003C345C /* Build configuration list for PBXProject "MVC-N" */;
			compatibilityVersion = "Xcode 9.3";
			developmentRegion = en;
			hasScannedForEncodings = 0;
			knownRegions = (
				en,
				Base,
			);
			mainGroup = 60287BFD2677A185003C345C;
			productRefGroup = 60287C072677A185003C345C /* Products */;
			projectDirPath = "";
			projectRoot = "";
			targets = (
				60287C052677A185003C345C /* MVC-N */,
			);
		};
/* End PBXProject section */

/* Begin PBXResourcesBuildPhase section */
		60287C042677A185003C345C /* Resources */ = {
			isa = PBXResourcesBuildPhase;
			buildActionMask = 2147483647;
			files = (
				60287C162677A18B003C345C /* LaunchScreen.storyboard in Resources */,
				60287C132677A18B003C345C /* Assets.xcassets in Resources */,
				60287C112677A185003C345C /* Main.storyboard in Resources */,
			);
			runOnlyForDeploymentPostprocessing = 0;
		};
/* End PBXResourcesBuildPhase section */

/* Begin PBXSourcesBuildPhase section */
		60287C022677A185003C345C /* Sources */ = {
			isa = PBXSourcesBuildPhase;
			buildActionMask = 2147483647;
			files = (
				60287C292677A61A003C345C /* Comment.swift in Sources */,
				60287C0E2677A185003C345C /* CommentsViewController.swift in Sources */,
				60287C0A2677A185003C345C /* AppDelegate.swift in Sources */,
				60287C2E2677A92C003C345C /* CommentNetworkSrvice.swift in Sources */,
				60287C2C2677A7CA003C345C /* NetworkService.swift in Sources */,
				60287C312677AA00003C345C /* GetCommentResponse.swift in Sources */,
				60287C342677AAFB003C345C /* NetworkError.swift in Sources */,
				60287C0C2677A185003C345C /* SceneDelegate.swift in Sources */,
				60287C272677A52A003C345C /* CommentCell.swift in Sources */,
			);
			runOnlyForDeploymentPostprocessing = 0;
		};
/* End PBXSourcesBuildPhase section */

/* Begin PBXVariantGroup section */
		60287C0F2677A185003C345C /* Main.storyboard */ = {
			isa = PBXVariantGroup;
			children = (
				60287C102677A185003C345C /* Base */,
			);
			name = Main.storyboard;
			sourceTree = "<group>";
		};
		60287C142677A18B003C345C /* LaunchScreen.storyboard */ = {
			isa = PBXVariantGroup;
			children = (
				60287C152677A18B003C345C /* Base */,
			);
			name = LaunchScreen.storyboard;
			sourceTree = "<group>";
		};
/* End PBXVariantGroup section */

/* Begin XCBuildConfiguration section */
		60287C182677A18B003C345C /* Debug */ = {
			isa = XCBuildConfiguration;
			buildSettings = {
				ALWAYS_SEARCH_USER_PATHS = NO;
				CLANG_ANALYZER_NONNULL = YES;
				CLANG_ANALYZER_NUMBER_OBJECT_CONVERSION = YES_AGGRESSIVE;
				CLANG_CXX_LANGUAGE_STANDARD = "gnu++14";
				CLANG_CXX_LIBRARY = "libc++";
				CLANG_ENABLE_MODULES = YES;
				CLANG_ENABLE_OBJC_ARC = YES;
				CLANG_ENABLE_OBJC_WEAK = YES;
				CLANG_WARN_BLOCK_CAPTURE_AUTORELEASING = YES;
				CLANG_WARN_BOOL_CONVERSION = YES;
				CLANG_WARN_COMMA = YES;
				CLANG_WARN_CONSTANT_CONVERSION = YES;
				CLANG_WARN_DEPRECATED_OBJC_IMPLEMENTATIONS = YES;
				CLANG_WARN_DIRECT_OBJC_ISA_USAGE = YES_ERROR;
				CLANG_WARN_DOCUMENTATION_COMMENTS = YES;
				CLANG_WARN_EMPTY_BODY = YES;
				CLANG_WARN_ENUM_CONVERSION = YES;
				CLANG_WARN_INFINITE_RECURSION = YES;
				CLANG_WARN_INT_CONVERSION = YES;
				CLANG_WARN_NON_LITERAL_NULL_CONVERSION = YES;
				CLANG_WARN_OBJC_IMPLICIT_RETAIN_SELF = YES;
				CLANG_WARN_OBJC_LITERAL_CONVERSION = YES;
				CLANG_WARN_OBJC_ROOT_CLASS = YES_ERROR;
				CLANG_WARN_QUOTED_INCLUDE_IN_FRAMEWORK_HEADER = YES;
				CLANG_WARN_RANGE_LOOP_ANALYSIS = YES;
				CLANG_WARN_STRICT_PROTOTYPES = YES;
				CLANG_WARN_SUSPICIOUS_MOVE = YES;
				CLANG_WARN_UNGUARDED_AVAILABILITY = YES_AGGRESSIVE;
				CLANG_WARN_UNREACHABLE_CODE = YES;
				CLANG_WARN__DUPLICATE_METHOD_MATCH = YES;
				COPY_PHASE_STRIP = NO;
				DEBUG_INFORMATION_FORMAT = dwarf;
				ENABLE_STRICT_OBJC_MSGSEND = YES;
				ENABLE_TESTABILITY = YES;
				GCC_C_LANGUAGE_STANDARD = gnu11;
				GCC_DYNAMIC_NO_PIC = NO;
				GCC_NO_COMMON_BLOCKS = YES;
				GCC_OPTIMIZATION_LEVEL = 0;
				GCC_PREPROCESSOR_DEFINITIONS = (
					"DEBUG=1",
					"$(inherited)",
				);
				GCC_WARN_64_TO_32_BIT_CONVERSION = YES;
				GCC_WARN_ABOUT_RETURN_TYPE = YES_ERROR;
				GCC_WARN_UNDECLARED_SELECTOR = YES;
				GCC_WARN_UNINITIALIZED_AUTOS = YES_AGGRESSIVE;
				GCC_WARN_UNUSED_FUNCTION = YES;
				GCC_WARN_UNUSED_VARIABLE = YES;
				IPHONEOS_DEPLOYMENT_TARGET = 14.5;
				MTL_ENABLE_DEBUG_INFO = INCLUDE_SOURCE;
				MTL_FAST_MATH = YES;
				ONLY_ACTIVE_ARCH = YES;
				SDKROOT = iphoneos;
				SWIFT_ACTIVE_COMPILATION_CONDITIONS = DEBUG;
				SWIFT_OPTIMIZATION_LEVEL = "-Onone";
			};
			name = Debug;
		};
		60287C192677A18B003C345C /* Release */ = {
			isa = XCBuildConfiguration;
			buildSettings = {
				ALWAYS_SEARCH_USER_PATHS = NO;
				CLANG_ANALYZER_NONNULL = YES;
				CLANG_ANALYZER_NUMBER_OBJECT_CONVERSION = YES_AGGRESSIVE;
				CLANG_CXX_LANGUAGE_STANDARD = "gnu++14";
				CLANG_CXX_LIBRARY = "libc++";
				CLANG_ENABLE_MODULES = YES;
				CLANG_ENABLE_OBJC_ARC = YES;
				CLANG_ENABLE_OBJC_WEAK = YES;
				CLANG_WARN_BLOCK_CAPTURE_AUTORELEASING = YES;
				CLANG_WARN_BOOL_CONVERSION = YES;
				CLANG_WARN_COMMA = YES;
				CLANG_WARN_CONSTANT_CONVERSION = YES;
				CLANG_WARN_DEPRECATED_OBJC_IMPLEMENTATIONS = YES;
				CLANG_WARN_DIRECT_OBJC_ISA_USAGE = YES_ERROR;
				CLANG_WARN_DOCUMENTATION_COMMENTS = YES;
				CLANG_WARN_EMPTY_BODY = YES;
				CLANG_WARN_ENUM_CONVERSION = YES;
				CLANG_WARN_INFINITE_RECURSION = YES;
				CLANG_WARN_INT_CONVERSION = YES;
				CLANG_WARN_NON_LITERAL_NULL_CONVERSION = YES;
				CLANG_WARN_OBJC_IMPLICIT_RETAIN_SELF = YES;
				CLANG_WARN_OBJC_LITERAL_CONVERSION = YES;
				CLANG_WARN_OBJC_ROOT_CLASS = YES_ERROR;
				CLANG_WARN_QUOTED_INCLUDE_IN_FRAMEWORK_HEADER = YES;
				CLANG_WARN_RANGE_LOOP_ANALYSIS = YES;
				CLANG_WARN_STRICT_PROTOTYPES = YES;
				CLANG_WARN_SUSPICIOUS_MOVE = YES;
				CLANG_WARN_UNGUARDED_AVAILABILITY = YES_AGGRESSIVE;
				CLANG_WARN_UNREACHABLE_CODE = YES;
				CLANG_WARN__DUPLICATE_METHOD_MATCH = YES;
				COPY_PHASE_STRIP = NO;
				DEBUG_INFORMATION_FORMAT = "dwarf-with-dsym";
				ENABLE_NS_ASSERTIONS = NO;
				ENABLE_STRICT_OBJC_MSGSEND = YES;
				GCC_C_LANGUAGE_STANDARD = gnu11;
				GCC_NO_COMMON_BLOCKS = YES;
				GCC_WARN_64_TO_32_BIT_CONVERSION = YES;
				GCC_WARN_ABOUT_RETURN_TYPE = YES_ERROR;
				GCC_WARN_UNDECLARED_SELECTOR = YES;
				GCC_WARN_UNINITIALIZED_AUTOS = YES_AGGRESSIVE;
				GCC_WARN_UNUSED_FUNCTION = YES;
				GCC_WARN_UNUSED_VARIABLE = YES;
				IPHONEOS_DEPLOYMENT_TARGET = 14.5;
				MTL_ENABLE_DEBUG_INFO = NO;
				MTL_FAST_MATH = YES;
				SDKROOT = iphoneos;
				SWIFT_COMPILATION_MODE = wholemodule;
				SWIFT_OPTIMIZATION_LEVEL = "-O";
				VALIDATE_PRODUCT = YES;
			};
			name = Release;
		};
		60287C1B2677A18B003C345C /* Debug */ = {
			isa = XCBuildConfiguration;
			buildSettings = {
				ASSETCATALOG_COMPILER_APPICON_NAME = AppIcon;
				ASSETCATALOG_COMPILER_GLOBAL_ACCENT_COLOR_NAME = AccentColor;
				CODE_SIGN_STYLE = Automatic;
				CURRENT_PROJECT_VERSION = 1.0;
				INFOPLIST_FILE = "$(SRCROOT)/MVC-N/Supporting files/Info.plist";
				LD_RUNPATH_SEARCH_PATHS = (
					"$(inherited)",
					"@executable_path/Frameworks",
				);
				MARKETING_VERSION = 1.0;
				PRODUCT_BUNDLE_IDENTIFIER = "Shkarin.MVC-N";
				PRODUCT_NAME = "$(TARGET_NAME)";
				SWIFT_VERSION = 5.0;
				TARGETED_DEVICE_FAMILY = "1,2";
			};
			name = Debug;
		};
		60287C1C2677A18B003C345C /* Release */ = {
			isa = XCBuildConfiguration;
			buildSettings = {
				ASSETCATALOG_COMPILER_APPICON_NAME = AppIcon;
				ASSETCATALOG_COMPILER_GLOBAL_ACCENT_COLOR_NAME = AccentColor;
				CODE_SIGN_STYLE = Automatic;
				CURRENT_PROJECT_VERSION = 1.0;
				INFOPLIST_FILE = "$(SRCROOT)/MVC-N/Supporting files/Info.plist";
				LD_RUNPATH_SEARCH_PATHS = (
					"$(inherited)",
					"@executable_path/Frameworks",
				);
				MARKETING_VERSION = 1.0;
				PRODUCT_BUNDLE_IDENTIFIER = "Shkarin.MVC-N";
				PRODUCT_NAME = "$(TARGET_NAME)";
				SWIFT_VERSION = 5.0;
				TARGETED_DEVICE_FAMILY = "1,2";
			};
			name = Release;
		};
/* End XCBuildConfiguration section */

/* Begin XCConfigurationList section */
		60287C012677A185003C345C /* Build configuration list for PBXProject "MVC-N" */ = {
			isa = XCConfigurationList;
			buildConfigurations = (
				60287C182677A18B003C345C /* Debug */,
				60287C192677A18B003C345C /* Release */,
			);
			defaultConfigurationIsVisible = 0;
			defaultConfigurationName = Release;
		};
		60287C1A2677A18B003C345C /* Build configuration list for PBXNativeTarget "MVC-N" */ = {
			isa = XCConfigurationList;
			buildConfigurations = (
				60287C1B2677A18B003C345C /* Debug */,
				60287C1C2677A18B003C345C /* Release */,
			);
			defaultConfigurationIsVisible = 0;
			defaultConfigurationName = Release;
		};
/* End XCConfigurationList section */
	};
	rootObject = 60287BFE2677A185003C345C /* Project object */;
}
